
Microsoft Visual Studio Solution File, Format Version 12.00
# Visual Studio Version 16
VisualStudioVersion = 16.0.30621.155
MinimumVisualStudioVersion = 10.0.40219.1
Project("{9A19103F-16F7-4668-BE54-9A1E7A4F7556}") = "NesTiler", "NesTiler\NesTiler.csproj", "{9CAA1868-07BD-4C76-B211-0E314E15F253}"
EndProject
Project("{FAE04EC0-301F-11D3-BF4B-00C04F79EFBC}") = "TextConverter", "TextConverter\TextConverter.csproj", "{DA9CDBC5-EC58-402A-BA2B-59D957E3BF04}"
EndProject
Global
	GlobalSection(SolutionConfigurationPlatforms) = preSolution
		Debug|Any CPU = Debug|Any CPU
		Release|Any CPU = Release|Any CPU
	EndGlobalSection
	GlobalSection(ProjectConfigurationPlatforms) = postSolution
		{9CAA1868-07BD-4C76-B211-0E314E15F253}.Debug|Any CPU.ActiveCfg = Debug|Any CPU
		{9CAA1868-07BD-4C76-B211-0E314E15F253}.Debug|Any CPU.Build.0 = Debug|Any CPU
		{9CAA1868-07BD-4C76-B211-0E314E15F253}.Release|Any CPU.ActiveCfg = Release|Any CPU
		{9CAA1868-07BD-4C76-B211-0E314E15F253}.Release|Any CPU.Build.0 = Release|Any CPU
		{DA9CDBC5-EC58-402A-BA2B-59D957E3BF04}.Debug|Any CPU.ActiveCfg = Debug|Any CPU
		{DA9CDBC5-EC58-402A-BA2B-59D957E3BF04}.Debug|Any CPU.Build.0 = Debug|Any CPU
		{DA9CDBC5-EC58-402A-BA2B-59D957E3BF04}.Release|Any CPU.ActiveCfg = Release|Any CPU
		{DA9CDBC5-EC58-402A-BA2B-59D957E3BF04}.Release|Any CPU.Build.0 = Release|Any CPU
	EndGlobalSection
	GlobalSection(SolutionProperties) = preSolution
		HideSolutionNode = FALSE
	EndGlobalSection
	GlobalSection(ExtensibilityGlobals) = postSolution
		SolutionGuid = {F888E020-7A54-4EFB-ACE1-9582DA2E051B}
	EndGlobalSection
EndGlobal
